
Microsoft Visual Studio Solution File, Format Version 12.00
# Visual Studio Version 17
VisualStudioVersion = 17.8.34330.188
MinimumVisualStudioVersion = 10.0.40219.1
Project("{FAE04EC0-301F-11D3-BF4B-00C04F79EFBC}") = "Hazi", "Hazi.csproj", "{70B078D3-FBDB-4702-9A2A-7F5BA8528536}"
EndProject
Global
	GlobalSection(SolutionConfigurationPlatforms) = preSolution
		Debug|Any CPU = Debug|Any CPU
		Release|Any CPU = Release|Any CPU
	EndGlobalSection
	GlobalSection(ProjectConfigurationPlatforms) = postSolution
		{70B078D3-FBDB-4702-9A2A-7F5BA8528536}.Debug|Any CPU.ActiveCfg = Debug|Any CPU
		{70B078D3-FBDB-4702-9A2A-7F5BA8528536}.Debug|Any CPU.Build.0 = Debug|Any CPU
		{70B078D3-FBDB-4702-9A2A-7F5BA8528536}.Release|Any CPU.ActiveCfg = Release|Any CPU
		{70B078D3-FBDB-4702-9A2A-7F5BA8528536}.Release|Any CPU.Build.0 = Release|Any CPU
	EndGlobalSection
	GlobalSection(SolutionProperties) = preSolution
		HideSolutionNode = FALSE
	EndGlobalSection
	GlobalSection(ExtensibilityGlobals) = postSolution
		SolutionGuid = {9C00BB4D-2A36-46FC-96D0-201EDD085C61}
	EndGlobalSection
EndGlobal
